// !$*UTF8*$!
{
	archiveVersion = 1;
	classes = {
	};
	objectVersion = 46;
	objects = {

/* Begin PBXBuildFile section */
		4B86E3BE18D837CF0087518A /* FRLTableAllCategories.m in Sources */ = {isa = PBXBuildFile; fileRef = 4B86E3BC18D837CF0087518A /* FRLTableAllCategories.m */; };
		4B86E3BF18D837CF0087518A /* FRLTableAllCategories.xib in Resources */ = {isa = PBXBuildFile; fileRef = 4B86E3BD18D837CF0087518A /* FRLTableAllCategories.xib */; };
		4B86E3C418D83B5D0087518A /* FRLTableFavourites.m in Sources */ = {isa = PBXBuildFile; fileRef = 4B86E3C218D83B5D0087518A /* FRLTableFavourites.m */; };
		4B86E3C518D83B5D0087518A /* FRLTableFavourites.xib in Resources */ = {isa = PBXBuildFile; fileRef = 4B86E3C318D83B5D0087518A /* FRLTableFavourites.xib */; };
		4B86E3C918D872FF0087518A /* FRLTableViewCell.m in Sources */ = {isa = PBXBuildFile; fileRef = 4B86E3C718D872FF0087518A /* FRLTableViewCell.m */; };
		4B86E3CA18D872FF0087518A /* FRLTableViewCell.xib in Resources */ = {isa = PBXBuildFile; fileRef = 4B86E3C818D872FF0087518A /* FRLTableViewCell.xib */; };
		4B86E3CD18D894A90087518A /* FRLMainCategories.m in Sources */ = {isa = PBXBuildFile; fileRef = 4B86E3CC18D894A90087518A /* FRLMainCategories.m */; };
		4B86E3D018D89CF10087518A /* FRLMainCategory.m in Sources */ = {isa = PBXBuildFile; fileRef = 4B86E3CF18D89CF10087518A /* FRLMainCategory.m */; };
		4B86E3D218D98B4B0087518A /* Main Categories.xml in Resources */ = {isa = PBXBuildFile; fileRef = 4B86E3D118D98B4B0087518A /* Main Categories.xml */; };
		4B86E3DB18D9B69A0087518A /* FRLProductList.m in Sources */ = {isa = PBXBuildFile; fileRef = 4B86E3D918D9B69A0087518A /* FRLProductList.m */; };
		4B86E3DC18D9B69A0087518A /* FRLProductList.xib in Resources */ = {isa = PBXBuildFile; fileRef = 4B86E3DA18D9B69A0087518A /* FRLProductList.xib */; };
		4B9375E018D2FCB80056D7D0 /* Foundation.framework in Frameworks */ = {isa = PBXBuildFile; fileRef = 4B9375DF18D2FCB80056D7D0 /* Foundation.framework */; };
		4B9375E218D2FCB80056D7D0 /* CoreGraphics.framework in Frameworks */ = {isa = PBXBuildFile; fileRef = 4B9375E118D2FCB80056D7D0 /* CoreGraphics.framework */; };
		4B9375E418D2FCB80056D7D0 /* UIKit.framework in Frameworks */ = {isa = PBXBuildFile; fileRef = 4B9375E318D2FCB80056D7D0 /* UIKit.framework */; };
		4B9375EA18D2FCB80056D7D0 /* InfoPlist.strings in Resources */ = {isa = PBXBuildFile; fileRef = 4B9375E818D2FCB80056D7D0 /* InfoPlist.strings */; };
		4B9375EC18D2FCB80056D7D0 /* main.m in Sources */ = {isa = PBXBuildFile; fileRef = 4B9375EB18D2FCB80056D7D0 /* main.m */; };
		4B9375F018D2FCB80056D7D0 /* FRLAppDelegate.m in Sources */ = {isa = PBXBuildFile; fileRef = 4B9375EF18D2FCB80056D7D0 /* FRLAppDelegate.m */; };
		4B9375F218D2FCB80056D7D0 /* Images.xcassets in Resources */ = {isa = PBXBuildFile; fileRef = 4B9375F118D2FCB80056D7D0 /* Images.xcassets */; };
		4B9375F918D2FCB80056D7D0 /* XCTest.framework in Frameworks */ = {isa = PBXBuildFile; fileRef = 4B9375F818D2FCB80056D7D0 /* XCTest.framework */; };
		4B9375FA18D2FCB80056D7D0 /* Foundation.framework in Frameworks */ = {isa = PBXBuildFile; fileRef = 4B9375DF18D2FCB80056D7D0 /* Foundation.framework */; };
		4B9375FB18D2FCB80056D7D0 /* UIKit.framework in Frameworks */ = {isa = PBXBuildFile; fileRef = 4B9375E318D2FCB80056D7D0 /* UIKit.framework */; };
		4B93760318D2FCB80056D7D0 /* InfoPlist.strings in Resources */ = {isa = PBXBuildFile; fileRef = 4B93760118D2FCB80056D7D0 /* InfoPlist.strings */; };
		4B93760518D2FCB80056D7D0 /* farelFoodTests.m in Sources */ = {isa = PBXBuildFile; fileRef = 4B93760418D2FCB80056D7D0 /* farelFoodTests.m */; };
		4B93760F18D303440056D7D0 /* Products.xml in Resources */ = {isa = PBXBuildFile; fileRef = 4B93760E18D303440056D7D0 /* Products.xml */; };
		4B93761318D307B40056D7D0 /* FRLProduct.m in Sources */ = {isa = PBXBuildFile; fileRef = 4B93761218D307B30056D7D0 /* FRLProduct.m */; };
		4B9F931D18D3279000752625 /* FRLProducts.m in Sources */ = {isa = PBXBuildFile; fileRef = 4B9F931C18D3279000752625 /* FRLProducts.m */; };
		4BEF569C18DC775A00346BC5 /* FRLProductDetailed.m in Sources */ = {isa = PBXBuildFile; fileRef = 4BEF569A18DC775A00346BC5 /* FRLProductDetailed.m */; };
		4BEF569D18DC775A00346BC5 /* FRLProductDetailed.xib in Resources */ = {isa = PBXBuildFile; fileRef = 4BEF569B18DC775A00346BC5 /* FRLProductDetailed.xib */; };
		881DB9A85B32425E8DEAF70C /* libPods.a in Frameworks */ = {isa = PBXBuildFile; fileRef = 9D1330118CA84FF983195140 /* libPods.a */; };
/* End PBXBuildFile section */

/* Begin PBXContainerItemProxy section */
		4B9375FC18D2FCB80056D7D0 /* PBXContainerItemProxy */ = {
			isa = PBXContainerItemProxy;
			containerPortal = 4B9375D418D2FCB80056D7D0 /* Project object */;
			proxyType = 1;
			remoteGlobalIDString = 4B9375DB18D2FCB80056D7D0;
			remoteInfo = farelFood;
		};
/* End PBXContainerItemProxy section */

/* Begin PBXFileReference section */
		48B935B69F0E4537B115F1BA /* Pods.xcconfig */ = {isa = PBXFileReference; includeInIndex = 1; lastKnownFileType = text.xcconfig; name = Pods.xcconfig; path = Pods/Pods.xcconfig; sourceTree = "<group>"; };
		4B86E3BB18D837CF0087518A /* FRLTableAllCategories.h */ = {isa = PBXFileReference; fileEncoding = 4; lastKnownFileType = sourcecode.c.h; path = FRLTableAllCategories.h; sourceTree = "<group>"; };
		4B86E3BC18D837CF0087518A /* FRLTableAllCategories.m */ = {isa = PBXFileReference; fileEncoding = 4; lastKnownFileType = sourcecode.c.objc; path = FRLTableAllCategories.m; sourceTree = "<group>"; };
		4B86E3BD18D837CF0087518A /* FRLTableAllCategories.xib */ = {isa = PBXFileReference; fileEncoding = 4; lastKnownFileType = file.xib; path = FRLTableAllCategories.xib; sourceTree = "<group>"; };
		4B86E3C118D83B5D0087518A /* FRLTableFavourites.h */ = {isa = PBXFileReference; fileEncoding = 4; lastKnownFileType = sourcecode.c.h; path = FRLTableFavourites.h; sourceTree = "<group>"; };
		4B86E3C218D83B5D0087518A /* FRLTableFavourites.m */ = {isa = PBXFileReference; fileEncoding = 4; lastKnownFileType = sourcecode.c.objc; path = FRLTableFavourites.m; sourceTree = "<group>"; };
		4B86E3C318D83B5D0087518A /* FRLTableFavourites.xib */ = {isa = PBXFileReference; fileEncoding = 4; lastKnownFileType = file.xib; path = FRLTableFavourites.xib; sourceTree = "<group>"; };
		4B86E3C618D872FF0087518A /* FRLTableViewCell.h */ = {isa = PBXFileReference; fileEncoding = 4; lastKnownFileType = sourcecode.c.h; path = FRLTableViewCell.h; sourceTree = "<group>"; };
		4B86E3C718D872FF0087518A /* FRLTableViewCell.m */ = {isa = PBXFileReference; fileEncoding = 4; lastKnownFileType = sourcecode.c.objc; path = FRLTableViewCell.m; sourceTree = "<group>"; };
		4B86E3C818D872FF0087518A /* FRLTableViewCell.xib */ = {isa = PBXFileReference; fileEncoding = 4; lastKnownFileType = file.xib; path = FRLTableViewCell.xib; sourceTree = "<group>"; };
		4B86E3CB18D894A90087518A /* FRLMainCategories.h */ = {isa = PBXFileReference; fileEncoding = 4; lastKnownFileType = sourcecode.c.h; path = FRLMainCategories.h; sourceTree = "<group>"; };
		4B86E3CC18D894A90087518A /* FRLMainCategories.m */ = {isa = PBXFileReference; fileEncoding = 4; lastKnownFileType = sourcecode.c.objc; path = FRLMainCategories.m; sourceTree = "<group>"; };
		4B86E3CE18D89CF10087518A /* FRLMainCategory.h */ = {isa = PBXFileReference; fileEncoding = 4; lastKnownFileType = sourcecode.c.h; path = FRLMainCategory.h; sourceTree = "<group>"; };
		4B86E3CF18D89CF10087518A /* FRLMainCategory.m */ = {isa = PBXFileReference; fileEncoding = 4; lastKnownFileType = sourcecode.c.objc; path = FRLMainCategory.m; sourceTree = "<group>"; };
		4B86E3D118D98B4B0087518A /* Main Categories.xml */ = {isa = PBXFileReference; fileEncoding = 4; lastKnownFileType = text.xml; name = "Main Categories.xml"; path = "farelFood/Products/Main Categories.xml"; sourceTree = "<group>"; };
		4B86E3D818D9B69A0087518A /* FRLProductList.h */ = {isa = PBXFileReference; fileEncoding = 4; lastKnownFileType = sourcecode.c.h; path = FRLProductList.h; sourceTree = "<group>"; };
		4B86E3D918D9B69A0087518A /* FRLProductList.m */ = {isa = PBXFileReference; fileEncoding = 4; lastKnownFileType = sourcecode.c.objc; path = FRLProductList.m; sourceTree = "<group>"; };
		4B86E3DA18D9B69A0087518A /* FRLProductList.xib */ = {isa = PBXFileReference; fileEncoding = 4; lastKnownFileType = file.xib; path = FRLProductList.xib; sourceTree = "<group>"; };
		4B9375DC18D2FCB80056D7D0 /* farelFood.app */ = {isa = PBXFileReference; explicitFileType = wrapper.application; includeInIndex = 0; path = farelFood.app; sourceTree = BUILT_PRODUCTS_DIR; };
		4B9375DF18D2FCB80056D7D0 /* Foundation.framework */ = {isa = PBXFileReference; lastKnownFileType = wrapper.framework; name = Foundation.framework; path = System/Library/Frameworks/Foundation.framework; sourceTree = SDKROOT; };
		4B9375E118D2FCB80056D7D0 /* CoreGraphics.framework */ = {isa = PBXFileReference; lastKnownFileType = wrapper.framework; name = CoreGraphics.framework; path = System/Library/Frameworks/CoreGraphics.framework; sourceTree = SDKROOT; };
		4B9375E318D2FCB80056D7D0 /* UIKit.framework */ = {isa = PBXFileReference; lastKnownFileType = wrapper.framework; name = UIKit.framework; path = System/Library/Frameworks/UIKit.framework; sourceTree = SDKROOT; };
		4B9375E718D2FCB80056D7D0 /* farelFood-Info.plist */ = {isa = PBXFileReference; lastKnownFileType = text.plist.xml; path = "farelFood-Info.plist"; sourceTree = "<group>"; };
		4B9375E918D2FCB80056D7D0 /* en */ = {isa = PBXFileReference; lastKnownFileType = text.plist.strings; name = en; path = en.lproj/InfoPlist.strings; sourceTree = "<group>"; };
		4B9375EB18D2FCB80056D7D0 /* main.m */ = {isa = PBXFileReference; lastKnownFileType = sourcecode.c.objc; path = main.m; sourceTree = "<group>"; };
		4B9375ED18D2FCB80056D7D0 /* farelFood-Prefix.pch */ = {isa = PBXFileReference; lastKnownFileType = sourcecode.c.h; path = "farelFood-Prefix.pch"; sourceTree = "<group>"; };
		4B9375EE18D2FCB80056D7D0 /* FRLAppDelegate.h */ = {isa = PBXFileReference; lastKnownFileType = sourcecode.c.h; path = FRLAppDelegate.h; sourceTree = "<group>"; };
		4B9375EF18D2FCB80056D7D0 /* FRLAppDelegate.m */ = {isa = PBXFileReference; lastKnownFileType = sourcecode.c.objc; path = FRLAppDelegate.m; sourceTree = "<group>"; };
		4B9375F118D2FCB80056D7D0 /* Images.xcassets */ = {isa = PBXFileReference; lastKnownFileType = folder.assetcatalog; path = Images.xcassets; sourceTree = "<group>"; };
		4B9375F718D2FCB80056D7D0 /* farelFoodTests.xctest */ = {isa = PBXFileReference; explicitFileType = wrapper.cfbundle; includeInIndex = 0; path = farelFoodTests.xctest; sourceTree = BUILT_PRODUCTS_DIR; };
		4B9375F818D2FCB80056D7D0 /* XCTest.framework */ = {isa = PBXFileReference; lastKnownFileType = wrapper.framework; name = XCTest.framework; path = Library/Frameworks/XCTest.framework; sourceTree = DEVELOPER_DIR; };
		4B93760018D2FCB80056D7D0 /* farelFoodTests-Info.plist */ = {isa = PBXFileReference; lastKnownFileType = text.plist.xml; path = "farelFoodTests-Info.plist"; sourceTree = "<group>"; };
		4B93760218D2FCB80056D7D0 /* en */ = {isa = PBXFileReference; lastKnownFileType = text.plist.strings; name = en; path = en.lproj/InfoPlist.strings; sourceTree = "<group>"; };
		4B93760418D2FCB80056D7D0 /* farelFoodTests.m */ = {isa = PBXFileReference; lastKnownFileType = sourcecode.c.objc; path = farelFoodTests.m; sourceTree = "<group>"; };
		4B93760E18D303440056D7D0 /* Products.xml */ = {isa = PBXFileReference; fileEncoding = 4; lastKnownFileType = text.xml; name = Products.xml; path = farelFood/Products/Products.xml; sourceTree = "<group>"; };
		4B93761118D307B30056D7D0 /* FRLProduct.h */ = {isa = PBXFileReference; fileEncoding = 4; lastKnownFileType = sourcecode.c.h; path = FRLProduct.h; sourceTree = "<group>"; };
		4B93761218D307B30056D7D0 /* FRLProduct.m */ = {isa = PBXFileReference; fileEncoding = 4; lastKnownFileType = sourcecode.c.objc; path = FRLProduct.m; sourceTree = "<group>"; };
		4B9F931B18D3279000752625 /* FRLProducts.h */ = {isa = PBXFileReference; fileEncoding = 4; lastKnownFileType = sourcecode.c.h; path = FRLProducts.h; sourceTree = "<group>"; };
		4B9F931C18D3279000752625 /* FRLProducts.m */ = {isa = PBXFileReference; fileEncoding = 4; lastKnownFileType = sourcecode.c.objc; path = FRLProducts.m; sourceTree = "<group>"; };
		4BEF569918DC775A00346BC5 /* FRLProductDetailed.h */ = {isa = PBXFileReference; fileEncoding = 4; lastKnownFileType = sourcecode.c.h; path = FRLProductDetailed.h; sourceTree = "<group>"; };
		4BEF569A18DC775A00346BC5 /* FRLProductDetailed.m */ = {isa = PBXFileReference; fileEncoding = 4; lastKnownFileType = sourcecode.c.objc; path = FRLProductDetailed.m; sourceTree = "<group>"; };
		4BEF569B18DC775A00346BC5 /* FRLProductDetailed.xib */ = {isa = PBXFileReference; fileEncoding = 4; lastKnownFileType = file.xib; path = FRLProductDetailed.xib; sourceTree = "<group>"; };
		9D1330118CA84FF983195140 /* libPods.a */ = {isa = PBXFileReference; explicitFileType = archive.ar; includeInIndex = 0; path = libPods.a; sourceTree = BUILT_PRODUCTS_DIR; };
/* End PBXFileReference section */

/* Begin PBXFrameworksBuildPhase section */
		4B9375D918D2FCB80056D7D0 /* Frameworks */ = {
			isa = PBXFrameworksBuildPhase;
			buildActionMask = 2147483647;
			files = (
				4B9375E218D2FCB80056D7D0 /* CoreGraphics.framework in Frameworks */,
				4B9375E418D2FCB80056D7D0 /* UIKit.framework in Frameworks */,
				4B9375E018D2FCB80056D7D0 /* Foundation.framework in Frameworks */,
				881DB9A85B32425E8DEAF70C /* libPods.a in Frameworks */,
			);
			runOnlyForDeploymentPostprocessing = 0;
		};
		4B9375F418D2FCB80056D7D0 /* Frameworks */ = {
			isa = PBXFrameworksBuildPhase;
			buildActionMask = 2147483647;
			files = (
				4B9375F918D2FCB80056D7D0 /* XCTest.framework in Frameworks */,
				4B9375FB18D2FCB80056D7D0 /* UIKit.framework in Frameworks */,
				4B9375FA18D2FCB80056D7D0 /* Foundation.framework in Frameworks */,
			);
			runOnlyForDeploymentPostprocessing = 0;
		};
/* End PBXFrameworksBuildPhase section */

/* Begin PBXGroup section */
		4B86E3C018D837D90087518A /* Controllers */ = {
			isa = PBXGroup;
			children = (
				4B86E3C618D872FF0087518A /* FRLTableViewCell.h */,
				4B86E3C718D872FF0087518A /* FRLTableViewCell.m */,
				4B86E3C818D872FF0087518A /* FRLTableViewCell.xib */,
				4B86E3C118D83B5D0087518A /* FRLTableFavourites.h */,
				4B86E3C218D83B5D0087518A /* FRLTableFavourites.m */,
				4B86E3C318D83B5D0087518A /* FRLTableFavourites.xib */,
				4B86E3BB18D837CF0087518A /* FRLTableAllCategories.h */,
				4B86E3BC18D837CF0087518A /* FRLTableAllCategories.m */,
				4B86E3BD18D837CF0087518A /* FRLTableAllCategories.xib */,
				4B86E3D818D9B69A0087518A /* FRLProductList.h */,
				4B86E3D918D9B69A0087518A /* FRLProductList.m */,
				4B86E3DA18D9B69A0087518A /* FRLProductList.xib */,
				4BEF569918DC775A00346BC5 /* FRLProductDetailed.h */,
				4BEF569A18DC775A00346BC5 /* FRLProductDetailed.m */,
				4BEF569B18DC775A00346BC5 /* FRLProductDetailed.xib */,
			);
			name = Controllers;
			sourceTree = "<group>";
		};
		4B9375D318D2FCB80056D7D0 = {
			isa = PBXGroup;
			children = (
				4B9375E518D2FCB80056D7D0 /* farelFood */,
				4B9375FE18D2FCB80056D7D0 /* farelFoodTests */,
				4B9375DE18D2FCB80056D7D0 /* Frameworks */,
				4B9375DD18D2FCB80056D7D0 /* Products */,
				48B935B69F0E4537B115F1BA /* Pods.xcconfig */,
			);
			sourceTree = "<group>";
		};
		4B9375DD18D2FCB80056D7D0 /* Products */ = {
			isa = PBXGroup;
			children = (
				4B9375DC18D2FCB80056D7D0 /* farelFood.app */,
				4B9375F718D2FCB80056D7D0 /* farelFoodTests.xctest */,
			);
			name = Products;
			sourceTree = "<group>";
		};
		4B9375DE18D2FCB80056D7D0 /* Frameworks */ = {
			isa = PBXGroup;
			children = (
				4B9375DF18D2FCB80056D7D0 /* Foundation.framework */,
				4B9375E118D2FCB80056D7D0 /* CoreGraphics.framework */,
				4B9375E318D2FCB80056D7D0 /* UIKit.framework */,
				4B9375F818D2FCB80056D7D0 /* XCTest.framework */,
				9D1330118CA84FF983195140 /* libPods.a */,
			);
			name = Frameworks;
			sourceTree = "<group>";
		};
		4B9375E518D2FCB80056D7D0 /* farelFood */ = {
			isa = PBXGroup;
			children = (
				4B86E3C018D837D90087518A /* Controllers */,
				4B93761418D307BE0056D7D0 /* Model */,
				4B9375F118D2FCB80056D7D0 /* Images.xcassets */,
				4B9375E618D2FCB80056D7D0 /* Supporting Files */,
			);
			path = farelFood;
			sourceTree = "<group>";
		};
		4B9375E618D2FCB80056D7D0 /* Supporting Files */ = {
			isa = PBXGroup;
			children = (
				4B9375EE18D2FCB80056D7D0 /* FRLAppDelegate.h */,
				4B9375EF18D2FCB80056D7D0 /* FRLAppDelegate.m */,
				4B93761018D303720056D7D0 /* Products Source */,
				4B9375E718D2FCB80056D7D0 /* farelFood-Info.plist */,
				4B9375E818D2FCB80056D7D0 /* InfoPlist.strings */,
				4B9375EB18D2FCB80056D7D0 /* main.m */,
				4B9375ED18D2FCB80056D7D0 /* farelFood-Prefix.pch */,
			);
			name = "Supporting Files";
			sourceTree = "<group>";
		};
		4B9375FE18D2FCB80056D7D0 /* farelFoodTests */ = {
			isa = PBXGroup;
			children = (
				4B93760418D2FCB80056D7D0 /* farelFoodTests.m */,
				4B9375FF18D2FCB80056D7D0 /* Supporting Files */,
			);
			path = farelFoodTests;
			sourceTree = "<group>";
		};
		4B9375FF18D2FCB80056D7D0 /* Supporting Files */ = {
			isa = PBXGroup;
			children = (
				4B93760018D2FCB80056D7D0 /* farelFoodTests-Info.plist */,
				4B93760118D2FCB80056D7D0 /* InfoPlist.strings */,
			);
			name = "Supporting Files";
			sourceTree = "<group>";
		};
		4B93761018D303720056D7D0 /* Products Source */ = {
			isa = PBXGroup;
			children = (
				4B86E3D118D98B4B0087518A /* Main Categories.xml */,
				4B93760E18D303440056D7D0 /* Products.xml */,
			);
			name = "Products Source";
			path = ..;
			sourceTree = "<group>";
		};
		4B93761418D307BE0056D7D0 /* Model */ = {
			isa = PBXGroup;
			children = (
				4B93761118D307B30056D7D0 /* FRLProduct.h */,
				4B93761218D307B30056D7D0 /* FRLProduct.m */,
				4B9F931B18D3279000752625 /* FRLProducts.h */,
				4B9F931C18D3279000752625 /* FRLProducts.m */,
				4B86E3CB18D894A90087518A /* FRLMainCategories.h */,
				4B86E3CC18D894A90087518A /* FRLMainCategories.m */,
				4B86E3CE18D89CF10087518A /* FRLMainCategory.h */,
				4B86E3CF18D89CF10087518A /* FRLMainCategory.m */,
			);
			name = Model;
			sourceTree = "<group>";
		};
/* End PBXGroup section */

/* Begin PBXNativeTarget section */
		4B9375DB18D2FCB80056D7D0 /* farelFood */ = {
			isa = PBXNativeTarget;
			buildConfigurationList = 4B93760818D2FCB80056D7D0 /* Build configuration list for PBXNativeTarget "farelFood" */;
			buildPhases = (
				36447483E7FF4AA4B24376C0 /* Check Pods Manifest.lock */,
				4B9375D818D2FCB80056D7D0 /* Sources */,
				4B9375D918D2FCB80056D7D0 /* Frameworks */,
				4B9375DA18D2FCB80056D7D0 /* Resources */,
				9DA7F926F0A446B192C56A40 /* Copy Pods Resources */,
			);
			buildRules = (
			);
			dependencies = (
			);
			name = farelFood;
			productName = farelFood;
			productReference = 4B9375DC18D2FCB80056D7D0 /* farelFood.app */;
			productType = "com.apple.product-type.application";
		};
		4B9375F618D2FCB80056D7D0 /* farelFoodTests */ = {
			isa = PBXNativeTarget;
			buildConfigurationList = 4B93760B18D2FCB80056D7D0 /* Build configuration list for PBXNativeTarget "farelFoodTests" */;
			buildPhases = (
				4B9375F318D2FCB80056D7D0 /* Sources */,
				4B9375F418D2FCB80056D7D0 /* Frameworks */,
				4B9375F518D2FCB80056D7D0 /* Resources */,
			);
			buildRules = (
			);
			dependencies = (
				4B9375FD18D2FCB80056D7D0 /* PBXTargetDependency */,
			);
			name = farelFoodTests;
			productName = farelFoodTests;
			productReference = 4B9375F718D2FCB80056D7D0 /* farelFoodTests.xctest */;
			productType = "com.apple.product-type.bundle.unit-test";
		};
/* End PBXNativeTarget section */

/* Begin PBXProject section */
		4B9375D418D2FCB80056D7D0 /* Project object */ = {
			isa = PBXProject;
			attributes = {
				CLASSPREFIX = FRL;
				LastUpgradeCheck = 0510;
				ORGANIZATIONNAME = farel;
				TargetAttributes = {
					4B9375F618D2FCB80056D7D0 = {
						TestTargetID = 4B9375DB18D2FCB80056D7D0;
					};
				};
			};
			buildConfigurationList = 4B9375D718D2FCB80056D7D0 /* Build configuration list for PBXProject "farelFood" */;
			compatibilityVersion = "Xcode 3.2";
			developmentRegion = English;
			hasScannedForEncodings = 0;
			knownRegions = (
				en,
			);
			mainGroup = 4B9375D318D2FCB80056D7D0;
			productRefGroup = 4B9375DD18D2FCB80056D7D0 /* Products */;
			projectDirPath = "";
			projectRoot = "";
			targets = (
				4B9375DB18D2FCB80056D7D0 /* farelFood */,
				4B9375F618D2FCB80056D7D0 /* farelFoodTests */,
			);
		};
/* End PBXProject section */

/* Begin PBXResourcesBuildPhase section */
		4B9375DA18D2FCB80056D7D0 /* Resources */ = {
			isa = PBXResourcesBuildPhase;
			buildActionMask = 2147483647;
			files = (
				4B9375EA18D2FCB80056D7D0 /* InfoPlist.strings in Resources */,
				4B86E3BF18D837CF0087518A /* FRLTableAllCategories.xib in Resources */,
				4B86E3CA18D872FF0087518A /* FRLTableViewCell.xib in Resources */,
				4B86E3D218D98B4B0087518A /* Main Categories.xml in Resources */,
				4B86E3DC18D9B69A0087518A /* FRLProductList.xib in Resources */,
				4B9375F218D2FCB80056D7D0 /* Images.xcassets in Resources */,
				4BEF569D18DC775A00346BC5 /* FRLProductDetailed.xib in Resources */,
				4B93760F18D303440056D7D0 /* Products.xml in Resources */,
				4B86E3C518D83B5D0087518A /* FRLTableFavourites.xib in Resources */,
			);
			runOnlyForDeploymentPostprocessing = 0;
		};
		4B9375F518D2FCB80056D7D0 /* Resources */ = {
			isa = PBXResourcesBuildPhase;
			buildActionMask = 2147483647;
			files = (
				4B93760318D2FCB80056D7D0 /* InfoPlist.strings in Resources */,
			);
			runOnlyForDeploymentPostprocessing = 0;
		};
/* End PBXResourcesBuildPhase section */

/* Begin PBXShellScriptBuildPhase section */
		36447483E7FF4AA4B24376C0 /* Check Pods Manifest.lock */ = {
			isa = PBXShellScriptBuildPhase;
			buildActionMask = 2147483647;
			files = (
			);
			inputPaths = (
			);
			name = "Check Pods Manifest.lock";
			outputPaths = (
			);
			runOnlyForDeploymentPostprocessing = 0;
			shellPath = /bin/sh;
			shellScript = "diff \"${PODS_ROOT}/../Podfile.lock\" \"${PODS_ROOT}/Manifest.lock\" > /dev/null\nif [[ $? != 0 ]] ; then\n    cat << EOM\nerror: The sandbox is not in sync with the Podfile.lock. Run 'pod install' or update your CocoaPods installation.\nEOM\n    exit 1\nfi\n";
			showEnvVarsInLog = 0;
		};
		9DA7F926F0A446B192C56A40 /* Copy Pods Resources */ = {
			isa = PBXShellScriptBuildPhase;
			buildActionMask = 2147483647;
			files = (
			);
			inputPaths = (
			);
			name = "Copy Pods Resources";
			outputPaths = (
			);
			runOnlyForDeploymentPostprocessing = 0;
			shellPath = /bin/sh;
			shellScript = "\"${SRCROOT}/Pods/Pods-resources.sh\"\n";
			showEnvVarsInLog = 0;
		};
/* End PBXShellScriptBuildPhase section */

/* Begin PBXSourcesBuildPhase section */
		4B9375D818D2FCB80056D7D0 /* Sources */ = {
			isa = PBXSourcesBuildPhase;
			buildActionMask = 2147483647;
			files = (
				4B9F931D18D3279000752625 /* FRLProducts.m in Sources */,
				4B86E3C918D872FF0087518A /* FRLTableViewCell.m in Sources */,
				4B86E3BE18D837CF0087518A /* FRLTableAllCategories.m in Sources */,
				4B86E3D018D89CF10087518A /* FRLMainCategory.m in Sources */,
				4BEF569C18DC775A00346BC5 /* FRLProductDetailed.m in Sources */,
				4B86E3DB18D9B69A0087518A /* FRLProductList.m in Sources */,
				4B93761318D307B40056D7D0 /* FRLProduct.m in Sources */,
				4B9375EC18D2FCB80056D7D0 /* main.m in Sources */,
				4B86E3CD18D894A90087518A /* FRLMainCategories.m in Sources */,
				4B9375F018D2FCB80056D7D0 /* FRLAppDelegate.m in Sources */,
				4B86E3C418D83B5D0087518A /* FRLTableFavourites.m in Sources */,
			);
			runOnlyForDeploymentPostprocessing = 0;
		};
		4B9375F318D2FCB80056D7D0 /* Sources */ = {
			isa = PBXSourcesBuildPhase;
			buildActionMask = 2147483647;
			files = (
				4B93760518D2FCB80056D7D0 /* farelFoodTests.m in Sources */,
			);
			runOnlyForDeploymentPostprocessing = 0;
		};
/* End PBXSourcesBuildPhase section */

/* Begin PBXTargetDependency section */
		4B9375FD18D2FCB80056D7D0 /* PBXTargetDependency */ = {
			isa = PBXTargetDependency;
			target = 4B9375DB18D2FCB80056D7D0 /* farelFood */;
			targetProxy = 4B9375FC18D2FCB80056D7D0 /* PBXContainerItemProxy */;
		};
/* End PBXTargetDependency section */

/* Begin PBXVariantGroup section */
		4B9375E818D2FCB80056D7D0 /* InfoPlist.strings */ = {
			isa = PBXVariantGroup;
			children = (
				4B9375E918D2FCB80056D7D0 /* en */,
			);
			name = InfoPlist.strings;
			sourceTree = "<group>";
		};
		4B93760118D2FCB80056D7D0 /* InfoPlist.strings */ = {
			isa = PBXVariantGroup;
			children = (
				4B93760218D2FCB80056D7D0 /* en */,
			);
			name = InfoPlist.strings;
			sourceTree = "<group>";
		};
/* End PBXVariantGroup section */

/* Begin XCBuildConfiguration section */
		4B93760618D2FCB80056D7D0 /* Debug */ = {
			isa = XCBuildConfiguration;
			buildSettings = {
				ALWAYS_SEARCH_USER_PATHS = NO;
				CLANG_CXX_LANGUAGE_STANDARD = "gnu++0x";
				CLANG_CXX_LIBRARY = "libc++";
				CLANG_ENABLE_MODULES = YES;
				CLANG_ENABLE_OBJC_ARC = YES;
				CLANG_WARN_BOOL_CONVERSION = YES;
				CLANG_WARN_CONSTANT_CONVERSION = YES;
				CLANG_WARN_DIRECT_OBJC_ISA_USAGE = YES_ERROR;
				CLANG_WARN_EMPTY_BODY = YES;
				CLANG_WARN_ENUM_CONVERSION = YES;
				CLANG_WARN_INT_CONVERSION = YES;
				CLANG_WARN_OBJC_ROOT_CLASS = YES_ERROR;
				CLANG_WARN__DUPLICATE_METHOD_MATCH = YES;
				"CODE_SIGN_IDENTITY[sdk=iphoneos*]" = "iPhone Developer";
				COPY_PHASE_STRIP = NO;
				GCC_C_LANGUAGE_STANDARD = gnu99;
				GCC_DYNAMIC_NO_PIC = NO;
				GCC_OPTIMIZATION_LEVEL = 0;
				GCC_PREPROCESSOR_DEFINITIONS = (
					"DEBUG=1",
					"$(inherited)",
				);
				GCC_SYMBOLS_PRIVATE_EXTERN = NO;
				GCC_WARN_64_TO_32_BIT_CONVERSION = YES;
				GCC_WARN_ABOUT_RETURN_TYPE = YES_ERROR;
				GCC_WARN_UNDECLARED_SELECTOR = YES;
				GCC_WARN_UNINITIALIZED_AUTOS = YES_AGGRESSIVE;
				GCC_WARN_UNUSED_FUNCTION = YES;
				GCC_WARN_UNUSED_VARIABLE = YES;
				IPHONEOS_DEPLOYMENT_TARGET = 7.1;
				ONLY_ACTIVE_ARCH = YES;
				SDKROOT = iphoneos;
			};
			name = Debug;
		};
		4B93760718D2FCB80056D7D0 /* Release */ = {
			isa = XCBuildConfiguration;
			buildSettings = {
				ALWAYS_SEARCH_USER_PATHS = NO;
				CLANG_CXX_LANGUAGE_STANDARD = "gnu++0x";
				CLANG_CXX_LIBRARY = "libc++";
				CLANG_ENABLE_MODULES = YES;
				CLANG_ENABLE_OBJC_ARC = YES;
				CLANG_WARN_BOOL_CONVERSION = YES;
				CLANG_WARN_CONSTANT_CONVERSION = YES;
				CLANG_WARN_DIRECT_OBJC_ISA_USAGE = YES_ERROR;
				CLANG_WARN_EMPTY_BODY = YES;
				CLANG_WARN_ENUM_CONVERSION = YES;
				CLANG_WARN_INT_CONVERSION = YES;
				CLANG_WARN_OBJC_ROOT_CLASS = YES_ERROR;
				CLANG_WARN__DUPLICATE_METHOD_MATCH = YES;
				"CODE_SIGN_IDENTITY[sdk=iphoneos*]" = "iPhone Developer";
				COPY_PHASE_STRIP = YES;
				ENABLE_NS_ASSERTIONS = NO;
				GCC_C_LANGUAGE_STANDARD = gnu99;
				GCC_WARN_64_TO_32_BIT_CONVERSION = YES;
				GCC_WARN_ABOUT_RETURN_TYPE = YES_ERROR;
				GCC_WARN_UNDECLARED_SELECTOR = YES;
				GCC_WARN_UNINITIALIZED_AUTOS = YES_AGGRESSIVE;
				GCC_WARN_UNUSED_FUNCTION = YES;
				GCC_WARN_UNUSED_VARIABLE = YES;
				IPHONEOS_DEPLOYMENT_TARGET = 7.1;
				SDKROOT = iphoneos;
				VALIDATE_PRODUCT = YES;
			};
			name = Release;
		};
		4B93760918D2FCB80056D7D0 /* Debug */ = {
			isa = XCBuildConfiguration;
			baseConfigurationReference = 48B935B69F0E4537B115F1BA /* Pods.xcconfig */;
			buildSettings = {
				ASSETCATALOG_COMPILER_APPICON_NAME = AppIcon;
				ASSETCATALOG_COMPILER_LAUNCHIMAGE_NAME = LaunchImage;
				GCC_PRECOMPILE_PREFIX_HEADER = YES;
				GCC_PREFIX_HEADER = "farelFood/farelFood-Prefix.pch";
				INFOPLIST_FILE = "farelFood/farelFood-Info.plist";
				PRODUCT_NAME = "$(TARGET_NAME)";
				WRAPPER_EXTENSION = app;
			};
			name = Debug;
		};
		4B93760A18D2FCB80056D7D0 /* Release */ = {
			isa = XCBuildConfiguration;
			baseConfigurationReference = 48B935B69F0E4537B115F1BA /* Pods.xcconfig */;
			buildSettings = {
				ASSETCATALOG_COMPILER_APPICON_NAME = AppIcon;
				ASSETCATALOG_COMPILER_LAUNCHIMAGE_NAME = LaunchImage;
				GCC_PRECOMPILE_PREFIX_HEADER = YES;
				GCC_PREFIX_HEADER = "farelFood/farelFood-Prefix.pch";
				INFOPLIST_FILE = "farelFood/farelFood-Info.plist";
				PRODUCT_NAME = "$(TARGET_NAME)";
				WRAPPER_EXTENSION = app;
			};
			name = Release;
		};
		4B93760C18D2FCB80056D7D0 /* Debug */ = {
			isa = XCBuildConfiguration;
			buildSettings = {
				BUNDLE_LOADER = "$(BUILT_PRODUCTS_DIR)/farelFood.app/farelFood";
				FRAMEWORK_SEARCH_PATHS = (
					"$(SDKROOT)/Developer/Library/Frameworks",
					"$(inherited)",
					"$(DEVELOPER_FRAMEWORKS_DIR)",
				);
				GCC_PRECOMPILE_PREFIX_HEADER = YES;
				GCC_PREFIX_HEADER = "farelFood/farelFood-Prefix.pch";
				GCC_PREPROCESSOR_DEFINITIONS = (
					"DEBUG=1",
					"$(inherited)",
				);
				INFOPLIST_FILE = "farelFoodTests/farelFoodTests-Info.plist";
				PRODUCT_NAME = "$(TARGET_NAME)";
				TEST_HOST = "$(BUNDLE_LOADER)";
				WRAPPER_EXTENSION = xctest;
			};
			name = Debug;
		};
		4B93760D18D2FCB80056D7D0 /* Release */ = {
			isa = XCBuildConfiguration;
			buildSettings = {
				BUNDLE_LOADER = "$(BUILT_PRODUCTS_DIR)/farelFood.app/farelFood";
				FRAMEWORK_SEARCH_PATHS = (
					"$(SDKROOT)/Developer/Library/Frameworks",
					"$(inherited)",
					"$(DEVELOPER_FRAMEWORKS_DIR)",
				);
				GCC_PRECOMPILE_PREFIX_HEADER = YES;
				GCC_PREFIX_HEADER = "farelFood/farelFood-Prefix.pch";
				INFOPLIST_FILE = "farelFoodTests/farelFoodTests-Info.plist";
				PRODUCT_NAME = "$(TARGET_NAME)";
				TEST_HOST = "$(BUNDLE_LOADER)";
				WRAPPER_EXTENSION = xctest;
			};
			name = Release;
		};
/* End XCBuildConfiguration section */

/* Begin XCConfigurationList section */
		4B9375D718D2FCB80056D7D0 /* Build configuration list for PBXProject "farelFood" */ = {
			isa = XCConfigurationList;
			buildConfigurations = (
				4B93760618D2FCB80056D7D0 /* Debug */,
				4B93760718D2FCB80056D7D0 /* Release */,
			);
			defaultConfigurationIsVisible = 0;
			defaultConfigurationName = Release;
		};
		4B93760818D2FCB80056D7D0 /* Build configuration list for PBXNativeTarget "farelFood" */ = {
			isa = XCConfigurationList;
			buildConfigurations = (
				4B93760918D2FCB80056D7D0 /* Debug */,
				4B93760A18D2FCB80056D7D0 /* Release */,
			);
			defaultConfigurationIsVisible = 0;
			defaultConfigurationName = Release;
		};
		4B93760B18D2FCB80056D7D0 /* Build configuration list for PBXNativeTarget "farelFoodTests" */ = {
			isa = XCConfigurationList;
			buildConfigurations = (
				4B93760C18D2FCB80056D7D0 /* Debug */,
				4B93760D18D2FCB80056D7D0 /* Release */,
			);
			defaultConfigurationIsVisible = 0;
			defaultConfigurationName = Release;
		};
/* End XCConfigurationList section */
	};
	rootObject = 4B9375D418D2FCB80056D7D0 /* Project object */;
}
